
Microsoft Visual Studio Solution File, Format Version 12.00
# Visual Studio Version 16
VisualStudioVersion = 16.0.31702.278
MinimumVisualStudioVersion = 10.0.40219.1
Project("{FAE04EC0-301F-11D3-BF4B-00C04F79EFBC}") = "Ödev4", "Ödev4\Ödev4.csproj", "{97514921-5173-47DC-AD59-52BBA6501CAA}"
EndProject
Global
	GlobalSection(SolutionConfigurationPlatforms) = preSolution
		Debug|Any CPU = Debug|Any CPU
		Release|Any CPU = Release|Any CPU
	EndGlobalSection
	GlobalSection(ProjectConfigurationPlatforms) = postSolution
		{97514921-5173-47DC-AD59-52BBA6501CAA}.Debug|Any CPU.ActiveCfg = Debug|Any CPU
		{97514921-5173-47DC-AD59-52BBA6501CAA}.Debug|Any CPU.Build.0 = Debug|Any CPU
		{97514921-5173-47DC-AD59-52BBA6501CAA}.Release|Any CPU.ActiveCfg = Release|Any CPU
		{97514921-5173-47DC-AD59-52BBA6501CAA}.Release|Any CPU.Build.0 = Release|Any CPU
	EndGlobalSection
	GlobalSection(SolutionProperties) = preSolution
		HideSolutionNode = FALSE
	EndGlobalSection
	GlobalSection(ExtensibilityGlobals) = postSolution
		SolutionGuid = {B94198DC-DF0E-451C-9C73-6DDE002578FE}
	EndGlobalSection
EndGlobal
