
Microsoft Visual Studio Solution File, Format Version 12.00
# Visual Studio Version 16
VisualStudioVersion = 16.0.31702.278
MinimumVisualStudioVersion = 10.0.40219.1
Project("{FAE04EC0-301F-11D3-BF4B-00C04F79EFBC}") = "SayiTahminnn", "SayiTahminnn\SayiTahminnn.csproj", "{5895F9AC-8CDC-4491-85EC-4A2AE73DF78B}"
EndProject
Global
	GlobalSection(SolutionConfigurationPlatforms) = preSolution
		Debug|Any CPU = Debug|Any CPU
		Release|Any CPU = Release|Any CPU
	EndGlobalSection
	GlobalSection(ProjectConfigurationPlatforms) = postSolution
		{5895F9AC-8CDC-4491-85EC-4A2AE73DF78B}.Debug|Any CPU.ActiveCfg = Debug|Any CPU
		{5895F9AC-8CDC-4491-85EC-4A2AE73DF78B}.Debug|Any CPU.Build.0 = Debug|Any CPU
		{5895F9AC-8CDC-4491-85EC-4A2AE73DF78B}.Release|Any CPU.ActiveCfg = Release|Any CPU
		{5895F9AC-8CDC-4491-85EC-4A2AE73DF78B}.Release|Any CPU.Build.0 = Release|Any CPU
	EndGlobalSection
	GlobalSection(SolutionProperties) = preSolution
		HideSolutionNode = FALSE
	EndGlobalSection
	GlobalSection(ExtensibilityGlobals) = postSolution
		SolutionGuid = {D5457F78-7697-48C1-948E-9C79BA999337}
	EndGlobalSection
EndGlobal
